// !$*UTF8*$!
{
	archiveVersion = 1;
	classes = {
	};
	objectVersion = 46;
	objects = {

/* Begin PBXBuildFile section */
		D7874586B2D2C43E875F088C /* Pods_Ubx.framework in Frameworks */ = {isa = PBXBuildFile; fileRef = 2E6CD0BFAF452D7AB460F1A5 /* Pods_Ubx.framework */; };
		E621BA831DF919C500870C91 /* MyTextField.swift in Sources */ = {isa = PBXBuildFile; fileRef = E621BA821DF919C500870C91 /* MyTextField.swift */; };
		E621BA8D1DF9330100870C91 /* MyButtonCell.swift in Sources */ = {isa = PBXBuildFile; fileRef = E621BA8C1DF9330100870C91 /* MyButtonCell.swift */; };
		E648D1E61DF7CBFB00E0801B /* Assets.xcassets in Resources */ = {isa = PBXBuildFile; fileRef = E648D1E51DF7CBFB00E0801B /* Assets.xcassets */; };
		E648D1E91DF7CBFB00E0801B /* Main.storyboard in Resources */ = {isa = PBXBuildFile; fileRef = E648D1E71DF7CBFB00E0801B /* Main.storyboard */; };
		E64BA8CE1DF7D00C0066E5EB /* Service.swift in Sources */ = {isa = PBXBuildFile; fileRef = E64BA8CC1DF7D00C0066E5EB /* Service.swift */; };
		E64BA8CF1DF7D00C0066E5EB /* Service+Utils.swift in Sources */ = {isa = PBXBuildFile; fileRef = E64BA8CD1DF7D00C0066E5EB /* Service+Utils.swift */; };
		E64BA8D21DF7D0260066E5EB /* PerformanceDataResponse.swift in Sources */ = {isa = PBXBuildFile; fileRef = E64BA8D01DF7D0260066E5EB /* PerformanceDataResponse.swift */; };
		E64BA8D31DF7D0260066E5EB /* PerformancesResponse.swift in Sources */ = {isa = PBXBuildFile; fileRef = E64BA8D11DF7D0260066E5EB /* PerformancesResponse.swift */; };
		E64BA8D51DF7D0590066E5EB /* Event.swift in Sources */ = {isa = PBXBuildFile; fileRef = E64BA8D41DF7D0590066E5EB /* Event.swift */; };
		E64BA8D81DF7D0740066E5EB /* AppDelegate.swift in Sources */ = {isa = PBXBuildFile; fileRef = E64BA8D61DF7D0740066E5EB /* AppDelegate.swift */; };
		E64BA8D91DF7D0740066E5EB /* MyApplication.swift in Sources */ = {isa = PBXBuildFile; fileRef = E64BA8D71DF7D0740066E5EB /* MyApplication.swift */; };
		E64BA8DB1DF7D0810066E5EB /* HomeViewController.swift in Sources */ = {isa = PBXBuildFile; fileRef = E64BA8DA1DF7D0810066E5EB /* HomeViewController.swift */; };
		E64BA8DD1DF7DEA30066E5EB /* MainWindowController.swift in Sources */ = {isa = PBXBuildFile; fileRef = E64BA8DC1DF7DEA30066E5EB /* MainWindowController.swift */; };
		E64BA8DF1DF7E0400066E5EB /* Document.swift in Sources */ = {isa = PBXBuildFile; fileRef = E64BA8DE1DF7E0400066E5EB /* Document.swift */; };
		E678193E1DF80E8A007D2DA7 /* MyWindow.swift in Sources */ = {isa = PBXBuildFile; fileRef = E678193D1DF80E8A007D2DA7 /* MyWindow.swift */; };
		E6937BAE1E02ADD9001323D7 /* Settings.swift in Sources */ = {isa = PBXBuildFile; fileRef = E6937BAD1E02ADD9001323D7 /* Settings.swift */; };
		E6EEB5F41E027C3F000D24AF /* GeneralPreferenceViewController.swift in Sources */ = {isa = PBXBuildFile; fileRef = E6EEB5F21E027C3F000D24AF /* GeneralPreferenceViewController.swift */; };
		E6EEB5F51E027C3F000D24AF /* GeneralPreferenceViewController.xib in Resources */ = {isa = PBXBuildFile; fileRef = E6EEB5F31E027C3F000D24AF /* GeneralPreferenceViewController.xib */; };
		E6F34CF31E03ECAF00DE1CE0 /* MailgunPreferenceViewController.swift in Sources */ = {isa = PBXBuildFile; fileRef = E6F34CF11E03ECAF00DE1CE0 /* MailgunPreferenceViewController.swift */; };
		E6F34CF41E03ECAF00DE1CE0 /* MailgunPreferenceViewController.xib in Resources */ = {isa = PBXBuildFile; fileRef = E6F34CF21E03ECAF00DE1CE0 /* MailgunPreferenceViewController.xib */; };
		E6F55AA81E07B42F006BC5A5 /* Service+Mailgun.swift in Sources */ = {isa = PBXBuildFile; fileRef = E6F55AA71E07B42F006BC5A5 /* Service+Mailgun.swift */; };
/* End PBXBuildFile section */

/* Begin PBXFileReference section */
		2E6CD0BFAF452D7AB460F1A5 /* Pods_Ubx.framework */ = {isa = PBXFileReference; explicitFileType = wrapper.framework; includeInIndex = 0; path = Pods_Ubx.framework; sourceTree = BUILT_PRODUCTS_DIR; };
		4D0318AD1C3E28AAD3AC3ABC /* Pods-Ubx.release.xcconfig */ = {isa = PBXFileReference; includeInIndex = 1; lastKnownFileType = text.xcconfig; name = "Pods-Ubx.release.xcconfig"; path = "Pods/Target Support Files/Pods-Ubx/Pods-Ubx.release.xcconfig"; sourceTree = "<group>"; };
		BE83B1344FFFF3F371594541 /* Pods-Ubx.debug.xcconfig */ = {isa = PBXFileReference; includeInIndex = 1; lastKnownFileType = text.xcconfig; name = "Pods-Ubx.debug.xcconfig"; path = "Pods/Target Support Files/Pods-Ubx/Pods-Ubx.debug.xcconfig"; sourceTree = "<group>"; };
		E621BA821DF919C500870C91 /* MyTextField.swift */ = {isa = PBXFileReference; fileEncoding = 4; lastKnownFileType = sourcecode.swift; path = MyTextField.swift; sourceTree = "<group>"; };
		E621BA8C1DF9330100870C91 /* MyButtonCell.swift */ = {isa = PBXFileReference; fileEncoding = 4; lastKnownFileType = sourcecode.swift; path = MyButtonCell.swift; sourceTree = "<group>"; };
		E648D1DC1DF7CBFB00E0801B /* Ubx.app */ = {isa = PBXFileReference; explicitFileType = wrapper.application; includeInIndex = 0; path = Ubx.app; sourceTree = BUILT_PRODUCTS_DIR; };
		E648D1E51DF7CBFB00E0801B /* Assets.xcassets */ = {isa = PBXFileReference; lastKnownFileType = folder.assetcatalog; path = Assets.xcassets; sourceTree = "<group>"; };
		E648D1E81DF7CBFB00E0801B /* Base */ = {isa = PBXFileReference; lastKnownFileType = file.storyboard; name = Base; path = Base.lproj/Main.storyboard; sourceTree = "<group>"; };
		E648D1EA1DF7CBFB00E0801B /* Info.plist */ = {isa = PBXFileReference; lastKnownFileType = text.plist.xml; path = Info.plist; sourceTree = "<group>"; };
		E64BA8CC1DF7D00C0066E5EB /* Service.swift */ = {isa = PBXFileReference; fileEncoding = 4; lastKnownFileType = sourcecode.swift; path = Service.swift; sourceTree = "<group>"; };
		E64BA8CD1DF7D00C0066E5EB /* Service+Utils.swift */ = {isa = PBXFileReference; fileEncoding = 4; lastKnownFileType = sourcecode.swift; path = "Service+Utils.swift"; sourceTree = "<group>"; };
		E64BA8D01DF7D0260066E5EB /* PerformanceDataResponse.swift */ = {isa = PBXFileReference; fileEncoding = 4; lastKnownFileType = sourcecode.swift; path = PerformanceDataResponse.swift; sourceTree = "<group>"; };
		E64BA8D11DF7D0260066E5EB /* PerformancesResponse.swift */ = {isa = PBXFileReference; fileEncoding = 4; lastKnownFileType = sourcecode.swift; path = PerformancesResponse.swift; sourceTree = "<group>"; };
		E64BA8D41DF7D0590066E5EB /* Event.swift */ = {isa = PBXFileReference; fileEncoding = 4; lastKnownFileType = sourcecode.swift; path = Event.swift; sourceTree = "<group>"; };
		E64BA8D61DF7D0740066E5EB /* AppDelegate.swift */ = {isa = PBXFileReference; fileEncoding = 4; lastKnownFileType = sourcecode.swift; path = AppDelegate.swift; sourceTree = "<group>"; };
		E64BA8D71DF7D0740066E5EB /* MyApplication.swift */ = {isa = PBXFileReference; fileEncoding = 4; lastKnownFileType = sourcecode.swift; path = MyApplication.swift; sourceTree = "<group>"; };
		E64BA8DA1DF7D0810066E5EB /* HomeViewController.swift */ = {isa = PBXFileReference; fileEncoding = 4; lastKnownFileType = sourcecode.swift; path = HomeViewController.swift; sourceTree = "<group>"; };
		E64BA8DC1DF7DEA30066E5EB /* MainWindowController.swift */ = {isa = PBXFileReference; fileEncoding = 4; lastKnownFileType = sourcecode.swift; path = MainWindowController.swift; sourceTree = "<group>"; };
		E64BA8DE1DF7E0400066E5EB /* Document.swift */ = {isa = PBXFileReference; fileEncoding = 4; lastKnownFileType = sourcecode.swift; path = Document.swift; sourceTree = "<group>"; };
		E678193D1DF80E8A007D2DA7 /* MyWindow.swift */ = {isa = PBXFileReference; fileEncoding = 4; lastKnownFileType = sourcecode.swift; path = MyWindow.swift; sourceTree = "<group>"; };
		E6937BAD1E02ADD9001323D7 /* Settings.swift */ = {isa = PBXFileReference; fileEncoding = 4; lastKnownFileType = sourcecode.swift; path = Settings.swift; sourceTree = "<group>"; };
		E6EEB5F21E027C3F000D24AF /* GeneralPreferenceViewController.swift */ = {isa = PBXFileReference; fileEncoding = 4; lastKnownFileType = sourcecode.swift; path = GeneralPreferenceViewController.swift; sourceTree = "<group>"; };
		E6EEB5F31E027C3F000D24AF /* GeneralPreferenceViewController.xib */ = {isa = PBXFileReference; fileEncoding = 4; lastKnownFileType = file.xib; path = GeneralPreferenceViewController.xib; sourceTree = "<group>"; };
		E6F34CF11E03ECAF00DE1CE0 /* MailgunPreferenceViewController.swift */ = {isa = PBXFileReference; fileEncoding = 4; lastKnownFileType = sourcecode.swift; path = MailgunPreferenceViewController.swift; sourceTree = "<group>"; };
		E6F34CF21E03ECAF00DE1CE0 /* MailgunPreferenceViewController.xib */ = {isa = PBXFileReference; fileEncoding = 4; lastKnownFileType = file.xib; path = MailgunPreferenceViewController.xib; sourceTree = "<group>"; };
		E6F55AA71E07B42F006BC5A5 /* Service+Mailgun.swift */ = {isa = PBXFileReference; fileEncoding = 4; lastKnownFileType = sourcecode.swift; path = "Service+Mailgun.swift"; sourceTree = "<group>"; };
/* End PBXFileReference section */

/* Begin PBXFrameworksBuildPhase section */
		E648D1D91DF7CBFB00E0801B /* Frameworks */ = {
			isa = PBXFrameworksBuildPhase;
			buildActionMask = 2147483647;
			files = (
				D7874586B2D2C43E875F088C /* Pods_Ubx.framework in Frameworks */,
			);
			runOnlyForDeploymentPostprocessing = 0;
		};
/* End PBXFrameworksBuildPhase section */

/* Begin PBXGroup section */
		0FD223B4E518CCBF6FA58BFD /* Frameworks */ = {
			isa = PBXGroup;
			children = (
				2E6CD0BFAF452D7AB460F1A5 /* Pods_Ubx.framework */,
			);
			name = Frameworks;
			sourceTree = "<group>";
		};
		E621BA811DF9199C00870C91 /* Controls */ = {
			isa = PBXGroup;
			children = (
				E621BA821DF919C500870C91 /* MyTextField.swift */,
				E621BA8C1DF9330100870C91 /* MyButtonCell.swift */,
			);
			path = Controls;
			sourceTree = "<group>";
		};
		E648D1D31DF7CBFA00E0801B = {
			isa = PBXGroup;
			children = (
				E648D1DE1DF7CBFB00E0801B /* Ubx */,
				E648D1DD1DF7CBFB00E0801B /* Products */,
				EBD3D3F0E99E9E283EA327B3 /* Pods */,
				0FD223B4E518CCBF6FA58BFD /* Frameworks */,
			);
			sourceTree = "<group>";
		};
		E648D1DD1DF7CBFB00E0801B /* Products */ = {
			isa = PBXGroup;
			children = (
				E648D1DC1DF7CBFB00E0801B /* Ubx.app */,
			);
			name = Products;
			sourceTree = "<group>";
		};
		E648D1DE1DF7CBFB00E0801B /* Ubx */ = {
			isa = PBXGroup;
			children = (
				E621BA811DF9199C00870C91 /* Controls */,
				E64BA8CB1DF7CFDB0066E5EB /* Service */,
				E64BA8CA1DF7CFD40066E5EB /* Responses */,
				E64BA8C91DF7CFCD0066E5EB /* Models */,
				E64BA8C81DF7CFC10066E5EB /* Bootstrap */,
				E64BA8C71DF7CFA10066E5EB /* Controllers */,
				E648D1E51DF7CBFB00E0801B /* Assets.xcassets */,
				E648D1E71DF7CBFB00E0801B /* Main.storyboard */,
				E648D1EA1DF7CBFB00E0801B /* Info.plist */,
			);
			path = Ubx;
			sourceTree = "<group>";
		};
		E64BA8C71DF7CFA10066E5EB /* Controllers */ = {
			isa = PBXGroup;
			children = (
				E6EEB5F01E027BC3000D24AF /* Preferences */,
				E64BA8DA1DF7D0810066E5EB /* HomeViewController.swift */,
				E64BA8DC1DF7DEA30066E5EB /* MainWindowController.swift */,
			);
			path = Controllers;
			sourceTree = "<group>";
		};
		E64BA8C81DF7CFC10066E5EB /* Bootstrap */ = {
			isa = PBXGroup;
			children = (
				E64BA8D61DF7D0740066E5EB /* AppDelegate.swift */,
				E64BA8DE1DF7E0400066E5EB /* Document.swift */,
				E64BA8D71DF7D0740066E5EB /* MyApplication.swift */,
				E678193D1DF80E8A007D2DA7 /* MyWindow.swift */,
				E6937BAD1E02ADD9001323D7 /* Settings.swift */,
			);
			path = Bootstrap;
			sourceTree = "<group>";
		};
		E64BA8C91DF7CFCD0066E5EB /* Models */ = {
			isa = PBXGroup;
			children = (
				E64BA8D41DF7D0590066E5EB /* Event.swift */,
			);
			path = Models;
			sourceTree = "<group>";
		};
		E64BA8CA1DF7CFD40066E5EB /* Responses */ = {
			isa = PBXGroup;
			children = (
				E64BA8D01DF7D0260066E5EB /* PerformanceDataResponse.swift */,
				E64BA8D11DF7D0260066E5EB /* PerformancesResponse.swift */,
			);
			path = Responses;
			sourceTree = "<group>";
		};
		E64BA8CB1DF7CFDB0066E5EB /* Service */ = {
			isa = PBXGroup;
			children = (
				E64BA8CC1DF7D00C0066E5EB /* Service.swift */,
				E64BA8CD1DF7D00C0066E5EB /* Service+Utils.swift */,
				E6F55AA71E07B42F006BC5A5 /* Service+Mailgun.swift */,
			);
			path = Service;
			sourceTree = "<group>";
		};
		E6EEB5F01E027BC3000D24AF /* Preferences */ = {
			isa = PBXGroup;
			children = (
				E6EEB5F21E027C3F000D24AF /* GeneralPreferenceViewController.swift */,
				E6EEB5F31E027C3F000D24AF /* GeneralPreferenceViewController.xib */,
				E6F34CF11E03ECAF00DE1CE0 /* MailgunPreferenceViewController.swift */,
				E6F34CF21E03ECAF00DE1CE0 /* MailgunPreferenceViewController.xib */,
			);
			path = Preferences;
			sourceTree = "<group>";
		};
		EBD3D3F0E99E9E283EA327B3 /* Pods */ = {
			isa = PBXGroup;
			children = (
				BE83B1344FFFF3F371594541 /* Pods-Ubx.debug.xcconfig */,
				4D0318AD1C3E28AAD3AC3ABC /* Pods-Ubx.release.xcconfig */,
			);
			name = Pods;
			sourceTree = "<group>";
		};
/* End PBXGroup section */

/* Begin PBXNativeTarget section */
		E648D1DB1DF7CBFB00E0801B /* Ubx */ = {
			isa = PBXNativeTarget;
			buildConfigurationList = E648D1ED1DF7CBFB00E0801B /* Build configuration list for PBXNativeTarget "Ubx" */;
			buildPhases = (
				30CD6FA7805E70E3A9E9B0AB /* [CP] Check Pods Manifest.lock */,
				E648D1D81DF7CBFB00E0801B /* Sources */,
				E648D1D91DF7CBFB00E0801B /* Frameworks */,
				E648D1DA1DF7CBFB00E0801B /* Resources */,
				F30AFB9740523C23BE48103E /* [CP] Embed Pods Frameworks */,
				9AC2922E8BD120526C9E240D /* [CP] Copy Pods Resources */,
			);
			buildRules = (
			);
			dependencies = (
			);
			name = Ubx;
			productName = Ubx;
			productReference = E648D1DC1DF7CBFB00E0801B /* Ubx.app */;
			productType = "com.apple.product-type.application";
		};
/* End PBXNativeTarget section */

/* Begin PBXProject section */
		E648D1D41DF7CBFA00E0801B /* Project object */ = {
			isa = PBXProject;
			attributes = {
				LastSwiftUpdateCheck = 0810;
				LastUpgradeCheck = 0820;
				ORGANIZATIONNAME = Zeuxis;
				TargetAttributes = {
					E648D1DB1DF7CBFB00E0801B = {
						CreatedOnToolsVersion = 8.1;
						DevelopmentTeam = URP5CZHCUP;
						ProvisioningStyle = Automatic;
					};
				};
			};
			buildConfigurationList = E648D1D71DF7CBFA00E0801B /* Build configuration list for PBXProject "Ubx" */;
			compatibilityVersion = "Xcode 3.2";
			developmentRegion = English;
			hasScannedForEncodings = 0;
			knownRegions = (
				en,
				Base,
			);
			mainGroup = E648D1D31DF7CBFA00E0801B;
			productRefGroup = E648D1DD1DF7CBFB00E0801B /* Products */;
			projectDirPath = "";
			projectRoot = "";
			targets = (
				E648D1DB1DF7CBFB00E0801B /* Ubx */,
			);
		};
/* End PBXProject section */

/* Begin PBXResourcesBuildPhase section */
		E648D1DA1DF7CBFB00E0801B /* Resources */ = {
			isa = PBXResourcesBuildPhase;
			buildActionMask = 2147483647;
			files = (
				E648D1E61DF7CBFB00E0801B /* Assets.xcassets in Resources */,
				E648D1E91DF7CBFB00E0801B /* Main.storyboard in Resources */,
				E6EEB5F51E027C3F000D24AF /* GeneralPreferenceViewController.xib in Resources */,
				E6F34CF41E03ECAF00DE1CE0 /* MailgunPreferenceViewController.xib in Resources */,
			);
			runOnlyForDeploymentPostprocessing = 0;
		};
/* End PBXResourcesBuildPhase section */

/* Begin PBXShellScriptBuildPhase section */
		30CD6FA7805E70E3A9E9B0AB /* [CP] Check Pods Manifest.lock */ = {
			isa = PBXShellScriptBuildPhase;
			buildActionMask = 2147483647;
			files = (
			);
			inputPaths = (
			);
			name = "[CP] Check Pods Manifest.lock";
			outputPaths = (
			);
			runOnlyForDeploymentPostprocessing = 0;
			shellPath = /bin/sh;
			shellScript = "diff \"${PODS_ROOT}/../Podfile.lock\" \"${PODS_ROOT}/Manifest.lock\" > /dev/null\nif [ $? != 0 ] ; then\n    # print error to STDERR\n    echo \"error: The sandbox is not in sync with the Podfile.lock. Run 'pod install' or update your CocoaPods installation.\" >&2\n    exit 1\nfi\n";
			showEnvVarsInLog = 0;
		};
		9AC2922E8BD120526C9E240D /* [CP] Copy Pods Resources */ = {
			isa = PBXShellScriptBuildPhase;
			buildActionMask = 2147483647;
			files = (
			);
			inputPaths = (
			);
			name = "[CP] Copy Pods Resources";
			outputPaths = (
			);
			runOnlyForDeploymentPostprocessing = 0;
			shellPath = /bin/sh;
			shellScript = "\"${SRCROOT}/Pods/Target Support Files/Pods-Ubx/Pods-Ubx-resources.sh\"\n";
			showEnvVarsInLog = 0;
		};
		F30AFB9740523C23BE48103E /* [CP] Embed Pods Frameworks */ = {
			isa = PBXShellScriptBuildPhase;
			buildActionMask = 2147483647;
			files = (
			);
			inputPaths = (
			);
			name = "[CP] Embed Pods Frameworks";
			outputPaths = (
			);
			runOnlyForDeploymentPostprocessing = 0;
			shellPath = /bin/sh;
			shellScript = "\"${SRCROOT}/Pods/Target Support Files/Pods-Ubx/Pods-Ubx-frameworks.sh\"\n";
			showEnvVarsInLog = 0;
		};
/* End PBXShellScriptBuildPhase section */

/* Begin PBXSourcesBuildPhase section */
		E648D1D81DF7CBFB00E0801B /* Sources */ = {
			isa = PBXSourcesBuildPhase;
			buildActionMask = 2147483647;
			files = (
				E6EEB5F41E027C3F000D24AF /* GeneralPreferenceViewController.swift in Sources */,
				E64BA8D91DF7D0740066E5EB /* MyApplication.swift in Sources */,
				E64BA8D31DF7D0260066E5EB /* PerformancesResponse.swift in Sources */,
				E64BA8CE1DF7D00C0066E5EB /* Service.swift in Sources */,
				E678193E1DF80E8A007D2DA7 /* MyWindow.swift in Sources */,
				E64BA8DD1DF7DEA30066E5EB /* MainWindowController.swift in Sources */,
				E64BA8DF1DF7E0400066E5EB /* Document.swift in Sources */,
				E64BA8CF1DF7D00C0066E5EB /* Service+Utils.swift in Sources */,
				E64BA8DB1DF7D0810066E5EB /* HomeViewController.swift in Sources */,
				E6937BAE1E02ADD9001323D7 /* Settings.swift in Sources */,
				E64BA8D81DF7D0740066E5EB /* AppDelegate.swift in Sources */,
				E6F55AA81E07B42F006BC5A5 /* Service+Mailgun.swift in Sources */,
				E6F34CF31E03ECAF00DE1CE0 /* MailgunPreferenceViewController.swift in Sources */,
				E64BA8D51DF7D0590066E5EB /* Event.swift in Sources */,
				E64BA8D21DF7D0260066E5EB /* PerformanceDataResponse.swift in Sources */,
				E621BA831DF919C500870C91 /* MyTextField.swift in Sources */,
				E621BA8D1DF9330100870C91 /* MyButtonCell.swift in Sources */,
			);
			runOnlyForDeploymentPostprocessing = 0;
		};
/* End PBXSourcesBuildPhase section */

/* Begin PBXVariantGroup section */
		E648D1E71DF7CBFB00E0801B /* Main.storyboard */ = {
			isa = PBXVariantGroup;
			children = (
				E648D1E81DF7CBFB00E0801B /* Base */,
			);
			name = Main.storyboard;
			sourceTree = "<group>";
		};
/* End PBXVariantGroup section */

/* Begin XCBuildConfiguration section */
		E648D1EB1DF7CBFB00E0801B /* Debug */ = {
			isa = XCBuildConfiguration;
			buildSettings = {
				ALWAYS_SEARCH_USER_PATHS = NO;
				CLANG_ANALYZER_NONNULL = YES;
				CLANG_CXX_LANGUAGE_STANDARD = "gnu++0x";
				CLANG_CXX_LIBRARY = "libc++";
				CLANG_ENABLE_MODULES = YES;
				CLANG_ENABLE_OBJC_ARC = YES;
				CLANG_WARN_BOOL_CONVERSION = YES;
				CLANG_WARN_CONSTANT_CONVERSION = YES;
				CLANG_WARN_DIRECT_OBJC_ISA_USAGE = YES_ERROR;
				CLANG_WARN_DOCUMENTATION_COMMENTS = YES;
				CLANG_WARN_EMPTY_BODY = YES;
				CLANG_WARN_ENUM_CONVERSION = YES;
				CLANG_WARN_INFINITE_RECURSION = YES;
				CLANG_WARN_INT_CONVERSION = YES;
				CLANG_WARN_OBJC_ROOT_CLASS = YES_ERROR;
				CLANG_WARN_SUSPICIOUS_MOVE = YES;
				CLANG_WARN_SUSPICIOUS_MOVES = YES;
				CLANG_WARN_UNREACHABLE_CODE = YES;
				CLANG_WARN__DUPLICATE_METHOD_MATCH = YES;
				CODE_SIGN_IDENTITY = "-";
				COPY_PHASE_STRIP = NO;
				DEBUG_INFORMATION_FORMAT = dwarf;
				ENABLE_STRICT_OBJC_MSGSEND = YES;
				ENABLE_TESTABILITY = YES;
				GCC_C_LANGUAGE_STANDARD = gnu99;
				GCC_DYNAMIC_NO_PIC = NO;
				GCC_NO_COMMON_BLOCKS = YES;
				GCC_OPTIMIZATION_LEVEL = 0;
				GCC_PREPROCESSOR_DEFINITIONS = (
					"DEBUG=1",
					"$(inherited)",
				);
				GCC_WARN_64_TO_32_BIT_CONVERSION = YES;
				GCC_WARN_ABOUT_RETURN_TYPE = YES_ERROR;
				GCC_WARN_UNDECLARED_SELECTOR = YES;
				GCC_WARN_UNINITIALIZED_AUTOS = YES_AGGRESSIVE;
				GCC_WARN_UNUSED_FUNCTION = YES;
				GCC_WARN_UNUSED_VARIABLE = YES;
				MACOSX_DEPLOYMENT_TARGET = 10.12;
				MTL_ENABLE_DEBUG_INFO = YES;
				ONLY_ACTIVE_ARCH = YES;
				SDKROOT = macosx;
				SWIFT_ACTIVE_COMPILATION_CONDITIONS = DEBUG;
				SWIFT_OPTIMIZATION_LEVEL = "-Onone";
			};
			name = Debug;
		};
		E648D1EC1DF7CBFB00E0801B /* Release */ = {
			isa = XCBuildConfiguration;
			buildSettings = {
				ALWAYS_SEARCH_USER_PATHS = NO;
				CLANG_ANALYZER_NONNULL = YES;
				CLANG_CXX_LANGUAGE_STANDARD = "gnu++0x";
				CLANG_CXX_LIBRARY = "libc++";
				CLANG_ENABLE_MODULES = YES;
				CLANG_ENABLE_OBJC_ARC = YES;
				CLANG_WARN_BOOL_CONVERSION = YES;
				CLANG_WARN_CONSTANT_CONVERSION = YES;
				CLANG_WARN_DIRECT_OBJC_ISA_USAGE = YES_ERROR;
				CLANG_WARN_DOCUMENTATION_COMMENTS = YES;
				CLANG_WARN_EMPTY_BODY = YES;
				CLANG_WARN_ENUM_CONVERSION = YES;
				CLANG_WARN_INFINITE_RECURSION = YES;
				CLANG_WARN_INT_CONVERSION = YES;
				CLANG_WARN_OBJC_ROOT_CLASS = YES_ERROR;
				CLANG_WARN_SUSPICIOUS_MOVE = YES;
				CLANG_WARN_SUSPICIOUS_MOVES = YES;
				CLANG_WARN_UNREACHABLE_CODE = YES;
				CLANG_WARN__DUPLICATE_METHOD_MATCH = YES;
				CODE_SIGN_IDENTITY = "-";
				COPY_PHASE_STRIP = NO;
				DEBUG_INFORMATION_FORMAT = "dwarf-with-dsym";
				ENABLE_NS_ASSERTIONS = NO;
				ENABLE_STRICT_OBJC_MSGSEND = YES;
				GCC_C_LANGUAGE_STANDARD = gnu99;
				GCC_NO_COMMON_BLOCKS = YES;
				GCC_WARN_64_TO_32_BIT_CONVERSION = YES;
				GCC_WARN_ABOUT_RETURN_TYPE = YES_ERROR;
				GCC_WARN_UNDECLARED_SELECTOR = YES;
				GCC_WARN_UNINITIALIZED_AUTOS = YES_AGGRESSIVE;
				GCC_WARN_UNUSED_FUNCTION = YES;
				GCC_WARN_UNUSED_VARIABLE = YES;
				MACOSX_DEPLOYMENT_TARGET = 10.12;
				MTL_ENABLE_DEBUG_INFO = NO;
				SDKROOT = macosx;
				SWIFT_OPTIMIZATION_LEVEL = "-Owholemodule";
			};
			name = Release;
		};
		E648D1EE1DF7CBFB00E0801B /* Debug */ = {
			isa = XCBuildConfiguration;
			baseConfigurationReference = BE83B1344FFFF3F371594541 /* Pods-Ubx.debug.xcconfig */;
			buildSettings = {
				ASSETCATALOG_COMPILER_APPICON_NAME = AppIcon;
				CODE_SIGN_IDENTITY = "Mac Developer";
				COMBINE_HIDPI_IMAGES = YES;
				DEVELOPMENT_TEAM = URP5CZHCUP;
				INFOPLIST_FILE = Ubx/Info.plist;
				LD_RUNPATH_SEARCH_PATHS = "$(inherited) @executable_path/../Frameworks";
				PRODUCT_BUNDLE_IDENTIFIER = im.ggd.ubx;
				PRODUCT_NAME = "$(TARGET_NAME)";
				SWIFT_VERSION = 3.0;
			};
			name = Debug;
		};
		E648D1EF1DF7CBFB00E0801B /* Release */ = {
			isa = XCBuildConfiguration;
			baseConfigurationReference = 4D0318AD1C3E28AAD3AC3ABC /* Pods-Ubx.release.xcconfig */;
			buildSettings = {
				ASSETCATALOG_COMPILER_APPICON_NAME = AppIcon;
				CODE_SIGN_IDENTITY = "Mac Developer";
				COMBINE_HIDPI_IMAGES = YES;
				DEVELOPMENT_TEAM = URP5CZHCUP;
				INFOPLIST_FILE = Ubx/Info.plist;
				LD_RUNPATH_SEARCH_PATHS = "$(inherited) @executable_path/../Frameworks";
				PRODUCT_BUNDLE_IDENTIFIER = im.ggd.ubx;
				PRODUCT_NAME = "$(TARGET_NAME)";
				SWIFT_VERSION = 3.0;
			};
			name = Release;
		};
/* End XCBuildConfiguration section */

/* Begin XCConfigurationList section */
		E648D1D71DF7CBFA00E0801B /* Build configuration list for PBXProject "Ubx" */ = {
			isa = XCConfigurationList;
			buildConfigurations = (
				E648D1EB1DF7CBFB00E0801B /* Debug */,
				E648D1EC1DF7CBFB00E0801B /* Release */,
			);
			defaultConfigurationIsVisible = 0;
			defaultConfigurationName = Release;
		};
		E648D1ED1DF7CBFB00E0801B /* Build configuration list for PBXNativeTarget "Ubx" */ = {
			isa = XCConfigurationList;
			buildConfigurations = (
				E648D1EE1DF7CBFB00E0801B /* Debug */,
				E648D1EF1DF7CBFB00E0801B /* Release */,
			);
			defaultConfigurationIsVisible = 0;
			defaultConfigurationName = Release;
		};
/* End XCConfigurationList section */
	};
	rootObject = E648D1D41DF7CBFA00E0801B /* Project object */;
}
